
Microsoft Visual Studio Solution File, Format Version 12.00
# Visual Studio Version 16
VisualStudioVersion = 16.0.31729.503
MinimumVisualStudioVersion = 10.0.40219.1
Project("{8BC9CEB8-8B4A-11D0-8D11-00A0C91BC942}") = "VulkanApp", "VulkanApp\VulkanApp.vcxproj", "{ED48A8B9-50F2-4445-B9F8-98FDA6FDDE29}"
EndProject
Global
	GlobalSection(SolutionConfigurationPlatforms) = preSolution
		Debug|x64 = Debug|x64
		Debug|x86 = Debug|x86
		Release|x64 = Release|x64
		Release|x86 = Release|x86
	EndGlobalSection
	GlobalSection(ProjectConfigurationPlatforms) = postSolution
		{ED48A8B9-50F2-4445-B9F8-98FDA6FDDE29}.Debug|x64.ActiveCfg = Debug|x64
		{ED48A8B9-50F2-4445-B9F8-98FDA6FDDE29}.Debug|x64.Build.0 = Debug|x64
		{ED48A8B9-50F2-4445-B9F8-98FDA6FDDE29}.Debug|x86.ActiveCfg = Debug|Win32
		{ED48A8B9-50F2-4445-B9F8-98FDA6FDDE29}.Debug|x86.Build.0 = Debug|Win32
		{ED48A8B9-50F2-4445-B9F8-98FDA6FDDE29}.Release|x64.ActiveCfg = Release|x64
		{ED48A8B9-50F2-4445-B9F8-98FDA6FDDE29}.Release|x64.Build.0 = Release|x64
		{ED48A8B9-50F2-4445-B9F8-98FDA6FDDE29}.Release|x86.ActiveCfg = Release|Win32
		{ED48A8B9-50F2-4445-B9F8-98FDA6FDDE29}.Release|x86.Build.0 = Release|Win32
	EndGlobalSection
	GlobalSection(SolutionProperties) = preSolution
		HideSolutionNode = FALSE
	EndGlobalSection
	GlobalSection(ExtensibilityGlobals) = postSolution
		SolutionGuid = {07657825-7C1C-4C53-BDB3-349B677E770B}
	EndGlobalSection
EndGlobal
